{
    "_readme": [
        "This file locks the dependencies of your project to a known state",
        "Read more about it at https://getcomposer.org/doc/01-basic-usage.md#composer-lock-the-lock-file",
        "This file is @generated automatically"
    ],
    "hash": "7a8ea4657617b0d1c9ae0a43b4b0a417",
    "content-hash": "a70304db829bad99c9125cecf70795a1",
    "packages": [
        {
            "name": "fortawesome/font-awesome",
            "version": "v4.5.0",
            "source": {
                "type": "git",
                "url": "https://github.com/FortAwesome/Font-Awesome.git",
                "reference": "fddd2c240452e6c8990c4ef75e0265b455aa7968"
            },
            "dist": {
                "type": "zip",
                "url": "https://api.github.com/repos/FortAwesome/Font-Awesome/zipball/fddd2c240452e6c8990c4ef75e0265b455aa7968",
                "reference": "fddd2c240452e6c8990c4ef75e0265b455aa7968",
                "shasum": ""
            },
            "require-dev": {
                "jekyll": "1.0.2",
                "lessc": "1.4.2"
            },
            "type": "library",
            "extra": {
                "branch-alias": {
                    "dev-master": "4.0.x-dev"
                }
            },
            "notification-url": "https://packagist.org/downloads/",
            "license": [
                "OFL-1.1",
                "MIT"
            ],
            "authors": [
                {
                    "name": "Dave Gandy",
                    "email": "dave@fontawesome.io",
                    "homepage": "http://twitter.com/davegandy",
                    "role": "Developer"
                }
            ],
            "description": "The iconic font and CSS framework",
            "homepage": "http://fontawesome.io/",
            "keywords": [
                "FontAwesome",
                "awesome",
                "bootstrap",
                "font",
                "icon"
            ],
            "time": "2015-11-30 17:28:02"
        },
        {
            "name": "itbz/fpdf",
            "version": "1.7.2",
            "source": {
                "type": "git",
                "url": "https://github.com/hanneskod/fpdf.git",
                "reference": "06d02a7bf227a62d37691a4e7e9c3a35efcb41c3"
            },
            "dist": {
                "type": "zip",
                "url": "https://api.github.com/repos/hanneskod/fpdf/zipball/06d02a7bf227a62d37691a4e7e9c3a35efcb41c3",
                "reference": "06d02a7bf227a62d37691a4e7e9c3a35efcb41c3",
                "shasum": ""
            },
            "require": {
                "php": ">=5.3.0"
            },
            "type": "library",
            "autoload": {
                "psr-0": {
                    "fpdf": "src/"
                }
            },
            "notification-url": "https://packagist.org/downloads/",
            "license": [
                "no usage restriction"
            ],
            "description": "Unofficial PSR-0 compliant version of the FPDF library",
            "homepage": "http://www.fpdf.org/",
            "time": "2013-12-27 14:18:15"
        },
        {
            "name": "parsecsv/php-parsecsv",
            "version": "0.4.5",
            "source": {
                "type": "git",
                "url": "https://github.com/parsecsv/parsecsv-for-php.git",
                "reference": "0486a4bf3ef80dfa215f38f865ed8685fbb472c7"
            },
            "dist": {
                "type": "zip",
                "url": "https://api.github.com/repos/parsecsv/parsecsv-for-php/zipball/0486a4bf3ef80dfa215f38f865ed8685fbb472c7",
                "reference": "0486a4bf3ef80dfa215f38f865ed8685fbb472c7",
                "shasum": ""
            },
            "require-dev": {
                "phpunit/phpunit": "4.1.*"
            },
            "type": "library",
            "autoload": {
                "classmap": [
                    "."
                ]
            },
            "notification-url": "https://packagist.org/downloads/",
            "license": [
                "MIT"
            ],
            "authors": [
                {
                    "name": "Jim Myhrberg",
                    "email": "contact@jimeh.me"
                }
            ],
            "description": "CSV data parser for PHP",
            "time": "2014-06-03 00:37:04"
        }
    ],
    "packages-dev": [],
    "aliases": [],
    "minimum-stability": "stable",
    "stability-flags": [],
    "prefer-stable": false,
    "prefer-lowest": false,
    "platform": [],
    "platform-dev": []
}
